
Microsoft Visual Studio Solution File, Format Version 12.00
# Visual Studio 2013
VisualStudioVersion = 12.0.21005.1
MinimumVisualStudioVersion = 10.0.40219.1
Project("{8BC9CEB8-8B4A-11D0-8D11-00A0C91BC942}") = "lesson2-1", "lesson2-1\lesson2-1.vcxproj", "{9E7A33BE-1BA7-4BC2-B85E-C0613C5FA78D}"
EndProject
Project("{8BC9CEB8-8B4A-11D0-8D11-00A0C91BC942}") = "lesson2-2", "lesson2-2\lesson2-2.vcxproj", "{F4CCEAAF-0D87-4A6E-A07D-568CF0D189E3}"
EndProject
Project("{8BC9CEB8-8B4A-11D0-8D11-00A0C91BC942}") = "lesson2-3", "lesson2-3\lesson2-3.vcxproj", "{3A7CB3A0-AB60-46A5-A085-0DD89264F178}"
EndProject
Project("{8BC9CEB8-8B4A-11D0-8D11-00A0C91BC942}") = "lesson2-4", "lesson2-4\lesson2-4.vcxproj", "{87A3A031-F570-4D58-AACF-DAAB8F21A98E}"
EndProject
Project("{8BC9CEB8-8B4A-11D0-8D11-00A0C91BC942}") = "lesson2-5", "lesson2-5\lesson2-5.vcxproj", "{8154A312-7312-4397-A550-A096D16DC9AC}"
EndProject
Project("{8BC9CEB8-8B4A-11D0-8D11-00A0C91BC942}") = "lesson2-6", "lesson2-6\lesson2-6.vcxproj", "{5DBBCA8A-9AFA-416B-ABE8-107F1B69655F}"
EndProject
Project("{8BC9CEB8-8B4A-11D0-8D11-00A0C91BC942}") = "lesson2-7", "lesson2-7\lesson2-7.vcxproj", "{CADCDBB9-3563-4610-BD28-341D5BF22B95}"
EndProject
Global
	GlobalSection(SolutionConfigurationPlatforms) = preSolution
		Debug|Win32 = Debug|Win32
		Release|Win32 = Release|Win32
	EndGlobalSection
	GlobalSection(ProjectConfigurationPlatforms) = postSolution
		{9E7A33BE-1BA7-4BC2-B85E-C0613C5FA78D}.Debug|Win32.ActiveCfg = Debug|Win32
		{9E7A33BE-1BA7-4BC2-B85E-C0613C5FA78D}.Debug|Win32.Build.0 = Debug|Win32
		{9E7A33BE-1BA7-4BC2-B85E-C0613C5FA78D}.Release|Win32.ActiveCfg = Release|Win32
		{9E7A33BE-1BA7-4BC2-B85E-C0613C5FA78D}.Release|Win32.Build.0 = Release|Win32
		{F4CCEAAF-0D87-4A6E-A07D-568CF0D189E3}.Debug|Win32.ActiveCfg = Debug|Win32
		{F4CCEAAF-0D87-4A6E-A07D-568CF0D189E3}.Debug|Win32.Build.0 = Debug|Win32
		{F4CCEAAF-0D87-4A6E-A07D-568CF0D189E3}.Release|Win32.ActiveCfg = Release|Win32
		{F4CCEAAF-0D87-4A6E-A07D-568CF0D189E3}.Release|Win32.Build.0 = Release|Win32
		{3A7CB3A0-AB60-46A5-A085-0DD89264F178}.Debug|Win32.ActiveCfg = Debug|Win32
		{3A7CB3A0-AB60-46A5-A085-0DD89264F178}.Debug|Win32.Build.0 = Debug|Win32
		{3A7CB3A0-AB60-46A5-A085-0DD89264F178}.Release|Win32.ActiveCfg = Release|Win32
		{3A7CB3A0-AB60-46A5-A085-0DD89264F178}.Release|Win32.Build.0 = Release|Win32
		{87A3A031-F570-4D58-AACF-DAAB8F21A98E}.Debug|Win32.ActiveCfg = Debug|Win32
		{87A3A031-F570-4D58-AACF-DAAB8F21A98E}.Debug|Win32.Build.0 = Debug|Win32
		{87A3A031-F570-4D58-AACF-DAAB8F21A98E}.Release|Win32.ActiveCfg = Release|Win32
		{87A3A031-F570-4D58-AACF-DAAB8F21A98E}.Release|Win32.Build.0 = Release|Win32
		{8154A312-7312-4397-A550-A096D16DC9AC}.Debug|Win32.ActiveCfg = Debug|Win32
		{8154A312-7312-4397-A550-A096D16DC9AC}.Debug|Win32.Build.0 = Debug|Win32
		{8154A312-7312-4397-A550-A096D16DC9AC}.Release|Win32.ActiveCfg = Release|Win32
		{8154A312-7312-4397-A550-A096D16DC9AC}.Release|Win32.Build.0 = Release|Win32
		{5DBBCA8A-9AFA-416B-ABE8-107F1B69655F}.Debug|Win32.ActiveCfg = Debug|Win32
		{5DBBCA8A-9AFA-416B-ABE8-107F1B69655F}.Debug|Win32.Build.0 = Debug|Win32
		{5DBBCA8A-9AFA-416B-ABE8-107F1B69655F}.Release|Win32.ActiveCfg = Release|Win32
		{5DBBCA8A-9AFA-416B-ABE8-107F1B69655F}.Release|Win32.Build.0 = Release|Win32
		{CADCDBB9-3563-4610-BD28-341D5BF22B95}.Debug|Win32.ActiveCfg = Debug|Win32
		{CADCDBB9-3563-4610-BD28-341D5BF22B95}.Debug|Win32.Build.0 = Debug|Win32
		{CADCDBB9-3563-4610-BD28-341D5BF22B95}.Release|Win32.ActiveCfg = Release|Win32
		{CADCDBB9-3563-4610-BD28-341D5BF22B95}.Release|Win32.Build.0 = Release|Win32
	EndGlobalSection
	GlobalSection(SolutionProperties) = preSolution
		HideSolutionNode = FALSE
	EndGlobalSection
EndGlobal
